
Microsoft Visual Studio Solution File, Format Version 12.00
# Visual Studio Version 16
VisualStudioVersion = 16.0.31313.79
MinimumVisualStudioVersion = 10.0.40219.1
Project("{888888A0-9F3D-457C-B088-3A5042F75D52}") = "deeplearning", "deeplearning.pyproj", "{7D54B895-7585-4C92-845C-9A5364D1BD48}"
EndProject
Global
	GlobalSection(SolutionConfigurationPlatforms) = preSolution
		Debug|Any CPU = Debug|Any CPU
		Release|Any CPU = Release|Any CPU
	EndGlobalSection
	GlobalSection(ProjectConfigurationPlatforms) = postSolution
		{7D54B895-7585-4C92-845C-9A5364D1BD48}.Debug|Any CPU.ActiveCfg = Debug|Any CPU
		{7D54B895-7585-4C92-845C-9A5364D1BD48}.Release|Any CPU.ActiveCfg = Release|Any CPU
	EndGlobalSection
	GlobalSection(SolutionProperties) = preSolution
		HideSolutionNode = FALSE
	EndGlobalSection
	GlobalSection(ExtensibilityGlobals) = postSolution
		SolutionGuid = {8F0268D8-851A-4A12-BB6A-11FB4891EC07}
	EndGlobalSection
EndGlobal
